[act-core]
url = "https://github.com/actcore/act-spec/archive/main.tar.gz"
sha256 = "cab53c14b838631d39742fa82f95c537cfa0c93eee06699bbf90da17b1ccd9d8"
sha512 = "50ee6423e3d044440c82c3eb94f65b3beb153bdc6bf732c157f4bf4c298763e093ad64614be5b927130c124c282d4a358a21e9110ea478b819da820dc21101ba"

[act-tools]
url = "https://github.com/actcore/act-spec/archive/main.tar.gz"
sha256 = "cab53c14b838631d39742fa82f95c537cfa0c93eee06699bbf90da17b1ccd9d8"
sha512 = "50ee6423e3d044440c82c3eb94f65b3beb153bdc6bf732c157f4bf4c298763e093ad64614be5b927130c124c282d4a358a21e9110ea478b819da820dc21101ba"
